
Microsoft Visual Studio Solution File, Format Version 12.00
# Visual Studio Version 17
VisualStudioVersion = 17.10.34916.146
MinimumVisualStudioVersion = 10.0.40219.1
Project("{FAE04EC0-301F-11D3-BF4B-00C04F79EFBC}") = "This Is What I Want", "This Is What I Want\This Is What I Want.csproj", "{67CB19E7-3F7F-472F-91B1-EE0855F8DF68}"
EndProject
Global
	GlobalSection(SolutionConfigurationPlatforms) = preSolution
		Debug|Any CPU = Debug|Any CPU
		Release|Any CPU = Release|Any CPU
	EndGlobalSection
	GlobalSection(ProjectConfigurationPlatforms) = postSolution
		{67CB19E7-3F7F-472F-91B1-EE0855F8DF68}.Debug|Any CPU.ActiveCfg = Debug|Any CPU
		{67CB19E7-3F7F-472F-91B1-EE0855F8DF68}.Debug|Any CPU.Build.0 = Debug|Any CPU
		{67CB19E7-3F7F-472F-91B1-EE0855F8DF68}.Release|Any CPU.ActiveCfg = Release|Any CPU
		{67CB19E7-3F7F-472F-91B1-EE0855F8DF68}.Release|Any CPU.Build.0 = Release|Any CPU
	EndGlobalSection
	GlobalSection(SolutionProperties) = preSolution
		HideSolutionNode = FALSE
	EndGlobalSection
	GlobalSection(ExtensibilityGlobals) = postSolution
		SolutionGuid = {80B06FE1-D297-4A6C-A4E7-4A6A68AB9C03}
	EndGlobalSection
EndGlobal
